
Microsoft Visual Studio Solution File, Format Version 12.00
# Visual Studio 15
VisualStudioVersion = 15.0.28307.271
MinimumVisualStudioVersion = 10.0.40219.1
Project("{9A19103F-16F7-4668-BE54-9A1E7A4F7556}") = "SentimentAnalysis", "SentimentAnalysis\SentimentAnalysis.csproj", "{7C84AEC8-16ED-4068-A126-4BA69C43EA27}"
EndProject
Project("{9A19103F-16F7-4668-BE54-9A1E7A4F7556}") = "GitHubIssueClassification", "IssueClassification\GitHubIssueClassification.csproj", "{2DAF332A-1114-4B24-BE13-C290E1AF5A7E}"
EndProject
Project("{9A19103F-16F7-4668-BE54-9A1E7A4F7556}") = "MLNETTemplateFromVS", "MLNETConsoleApp1\MLNETTemplateFromVS.csproj", "{F47C6527-58E8-4E85-86CE-B7FECAD7AB00}"
EndProject
Project("{FAE04EC0-301F-11D3-BF4B-00C04F79EFBC}") = "TaxiFarePrediction", "TaxiFarePrediction\TaxiFarePrediction.csproj", "{F09FE021-0CFC-4570-8157-BBAAF8D46F18}"
EndProject
Global
	GlobalSection(SolutionConfigurationPlatforms) = preSolution
		Debug|Any CPU = Debug|Any CPU
		Release|Any CPU = Release|Any CPU
	EndGlobalSection
	GlobalSection(ProjectConfigurationPlatforms) = postSolution
		{7C84AEC8-16ED-4068-A126-4BA69C43EA27}.Debug|Any CPU.ActiveCfg = Debug|Any CPU
		{7C84AEC8-16ED-4068-A126-4BA69C43EA27}.Debug|Any CPU.Build.0 = Debug|Any CPU
		{7C84AEC8-16ED-4068-A126-4BA69C43EA27}.Release|Any CPU.ActiveCfg = Release|Any CPU
		{7C84AEC8-16ED-4068-A126-4BA69C43EA27}.Release|Any CPU.Build.0 = Release|Any CPU
		{2DAF332A-1114-4B24-BE13-C290E1AF5A7E}.Debug|Any CPU.ActiveCfg = Debug|Any CPU
		{2DAF332A-1114-4B24-BE13-C290E1AF5A7E}.Debug|Any CPU.Build.0 = Debug|Any CPU
		{2DAF332A-1114-4B24-BE13-C290E1AF5A7E}.Release|Any CPU.ActiveCfg = Release|Any CPU
		{2DAF332A-1114-4B24-BE13-C290E1AF5A7E}.Release|Any CPU.Build.0 = Release|Any CPU
		{F47C6527-58E8-4E85-86CE-B7FECAD7AB00}.Debug|Any CPU.ActiveCfg = Debug|Any CPU
		{F47C6527-58E8-4E85-86CE-B7FECAD7AB00}.Debug|Any CPU.Build.0 = Debug|Any CPU
		{F47C6527-58E8-4E85-86CE-B7FECAD7AB00}.Release|Any CPU.ActiveCfg = Release|Any CPU
		{F47C6527-58E8-4E85-86CE-B7FECAD7AB00}.Release|Any CPU.Build.0 = Release|Any CPU
		{F09FE021-0CFC-4570-8157-BBAAF8D46F18}.Debug|Any CPU.ActiveCfg = Debug|Any CPU
		{F09FE021-0CFC-4570-8157-BBAAF8D46F18}.Debug|Any CPU.Build.0 = Debug|Any CPU
		{F09FE021-0CFC-4570-8157-BBAAF8D46F18}.Release|Any CPU.ActiveCfg = Release|Any CPU
		{F09FE021-0CFC-4570-8157-BBAAF8D46F18}.Release|Any CPU.Build.0 = Release|Any CPU
	EndGlobalSection
	GlobalSection(SolutionProperties) = preSolution
		HideSolutionNode = FALSE
	EndGlobalSection
	GlobalSection(ExtensibilityGlobals) = postSolution
		SolutionGuid = {1C6BE274-15B9-4585-9FA5-6F5E7BD39E51}
	EndGlobalSection
EndGlobal
